
Microsoft Visual Studio Solution File, Format Version 12.00
# Visual Studio Version 16
VisualStudioVersion = 16.0.31727.386
MinimumVisualStudioVersion = 10.0.40219.1
Project("{FAE04EC0-301F-11D3-BF4B-00C04F79EFBC}") = "lab 3", "lab 3\lab 3.csproj", "{0D769E2C-CE45-4B6D-A54C-8BD83C680D92}"
EndProject
Global
	GlobalSection(SolutionConfigurationPlatforms) = preSolution
		Debug|Any CPU = Debug|Any CPU
		Release|Any CPU = Release|Any CPU
	EndGlobalSection
	GlobalSection(ProjectConfigurationPlatforms) = postSolution
		{0D769E2C-CE45-4B6D-A54C-8BD83C680D92}.Debug|Any CPU.ActiveCfg = Debug|Any CPU
		{0D769E2C-CE45-4B6D-A54C-8BD83C680D92}.Debug|Any CPU.Build.0 = Debug|Any CPU
		{0D769E2C-CE45-4B6D-A54C-8BD83C680D92}.Release|Any CPU.ActiveCfg = Release|Any CPU
		{0D769E2C-CE45-4B6D-A54C-8BD83C680D92}.Release|Any CPU.Build.0 = Release|Any CPU
	EndGlobalSection
	GlobalSection(SolutionProperties) = preSolution
		HideSolutionNode = FALSE
	EndGlobalSection
	GlobalSection(ExtensibilityGlobals) = postSolution
		SolutionGuid = {4AD053A0-B743-488E-8CE8-D9972C106FC9}
	EndGlobalSection
EndGlobal
